
Microsoft Visual Studio Solution File, Format Version 12.00
# Visual Studio Version 17
VisualStudioVersion = 17.10.34804.81
MinimumVisualStudioVersion = 10.0.40219.1
Project("{9A19103F-16F7-4668-BE54-9A1E7A4F7556}") = "BlazorAuthNZDemo", "BlazorAuthNZDemo\BlazorAuthNZDemo\BlazorAuthNZDemo.csproj", "{B23F490F-BFA2-455A-848B-BEA5AFC06F4E}"
EndProject
Project("{9A19103F-16F7-4668-BE54-9A1E7A4F7556}") = "BlazorAuthNZDemo.Client", "BlazorAuthNZDemo\BlazorAuthNZDemo.Client\BlazorAuthNZDemo.Client.csproj", "{F1970D25-87F7-4ADD-BB5D-E874A3269FC3}"
EndProject
Project("{9A19103F-16F7-4668-BE54-9A1E7A4F7556}") = "BlazorAuthNZDemo.RemoteApi", "BlazorAuthNZDemo.RemoteApi\BlazorAuthNZDemo.RemoteApi.csproj", "{3F01BCF3-C17D-411E-A5D1-28AE9C5B41D0}"
EndProject
Project("{FAE04EC0-301F-11D3-BF4B-00C04F79EFBC}") = "BlazorAuthNZDemo.AuthorizationPolicies", "BlazorAuthNZDemo.AuthorizationPolicies\BlazorAuthNZDemo.AuthorizationPolicies.csproj", "{38C38C7E-19DC-4BCA-9278-738A3A543602}"
EndProject
Global
	GlobalSection(SolutionConfigurationPlatforms) = preSolution
		Debug|Any CPU = Debug|Any CPU
		Release|Any CPU = Release|Any CPU
	EndGlobalSection
	GlobalSection(ProjectConfigurationPlatforms) = postSolution
		{B23F490F-BFA2-455A-848B-BEA5AFC06F4E}.Debug|Any CPU.ActiveCfg = Debug|Any CPU
		{B23F490F-BFA2-455A-848B-BEA5AFC06F4E}.Debug|Any CPU.Build.0 = Debug|Any CPU
		{B23F490F-BFA2-455A-848B-BEA5AFC06F4E}.Release|Any CPU.ActiveCfg = Release|Any CPU
		{B23F490F-BFA2-455A-848B-BEA5AFC06F4E}.Release|Any CPU.Build.0 = Release|Any CPU
		{F1970D25-87F7-4ADD-BB5D-E874A3269FC3}.Debug|Any CPU.ActiveCfg = Debug|Any CPU
		{F1970D25-87F7-4ADD-BB5D-E874A3269FC3}.Debug|Any CPU.Build.0 = Debug|Any CPU
		{F1970D25-87F7-4ADD-BB5D-E874A3269FC3}.Release|Any CPU.ActiveCfg = Release|Any CPU
		{F1970D25-87F7-4ADD-BB5D-E874A3269FC3}.Release|Any CPU.Build.0 = Release|Any CPU
		{3F01BCF3-C17D-411E-A5D1-28AE9C5B41D0}.Debug|Any CPU.ActiveCfg = Debug|Any CPU
		{3F01BCF3-C17D-411E-A5D1-28AE9C5B41D0}.Debug|Any CPU.Build.0 = Debug|Any CPU
		{3F01BCF3-C17D-411E-A5D1-28AE9C5B41D0}.Release|Any CPU.ActiveCfg = Release|Any CPU
		{3F01BCF3-C17D-411E-A5D1-28AE9C5B41D0}.Release|Any CPU.Build.0 = Release|Any CPU
		{38C38C7E-19DC-4BCA-9278-738A3A543602}.Debug|Any CPU.ActiveCfg = Debug|Any CPU
		{38C38C7E-19DC-4BCA-9278-738A3A543602}.Debug|Any CPU.Build.0 = Debug|Any CPU
		{38C38C7E-19DC-4BCA-9278-738A3A543602}.Release|Any CPU.ActiveCfg = Release|Any CPU
		{38C38C7E-19DC-4BCA-9278-738A3A543602}.Release|Any CPU.Build.0 = Release|Any CPU
	EndGlobalSection
	GlobalSection(SolutionProperties) = preSolution
		HideSolutionNode = FALSE
	EndGlobalSection
	GlobalSection(ExtensibilityGlobals) = postSolution
		SolutionGuid = {076D27D0-2BDE-4A43-9AEE-BCDD488D2DB9}
	EndGlobalSection
EndGlobal
